// !$*UTF8*$!
{
	archiveVersion = 1;
	classes = {
	};
	objectVersion = 54;
	objects = {

/* Begin PBXBuildFile section */
		3E0A789C2B194AEE0043E2E8 /* PopulationModel.swift in Sources */ = {isa = PBXBuildFile; fileRef = 3E0A789B2B194AEE0043E2E8 /* PopulationModel.swift */; };
		3E0A789F2B194B040043E2E8 /* PopulationViewModel.swift in Sources */ = {isa = PBXBuildFile; fileRef = 3E0A789E2B194B040043E2E8 /* PopulationViewModel.swift */; };
		3E55FEED2B19DFDB002988D7 /* GenericNetworkLayer in Frameworks */ = {isa = PBXBuildFile; productRef = 3E55FEEC2B19DFDB002988D7 /* GenericNetworkLayer */; };
		3ED674EA2B193BF00076320B /* AppDelegate.swift in Sources */ = {isa = PBXBuildFile; fileRef = 3ED674E92B193BF00076320B /* AppDelegate.swift */; };
		3ED674EC2B193BF00076320B /* SceneDelegate.swift in Sources */ = {isa = PBXBuildFile; fileRef = 3ED674EB2B193BF00076320B /* SceneDelegate.swift */; };
		3ED674EE2B193BF00076320B /* PopulationViewController.swift in Sources */ = {isa = PBXBuildFile; fileRef = 3ED674ED2B193BF00076320B /* PopulationViewController.swift */; };
		3ED674F32B193BF90076320B /* Assets.xcassets in Resources */ = {isa = PBXBuildFile; fileRef = 3ED674F22B193BF90076320B /* Assets.xcassets */; };
		3ED674F62B193BF90076320B /* LaunchScreen.storyboard in Resources */ = {isa = PBXBuildFile; fileRef = 3ED674F42B193BF90076320B /* LaunchScreen.storyboard */; };
/* End PBXBuildFile section */

/* Begin PBXFileReference section */
		3E0A789B2B194AEE0043E2E8 /* PopulationModel.swift */ = {isa = PBXFileReference; lastKnownFileType = sourcecode.swift; path = PopulationModel.swift; sourceTree = "<group>"; };
		3E0A789E2B194B040043E2E8 /* PopulationViewModel.swift */ = {isa = PBXFileReference; lastKnownFileType = sourcecode.swift; path = PopulationViewModel.swift; sourceTree = "<group>"; };
		3ED674E62B193BF00076320B /* Population.app */ = {isa = PBXFileReference; explicitFileType = wrapper.application; includeInIndex = 0; path = Population.app; sourceTree = BUILT_PRODUCTS_DIR; };
		3ED674E92B193BF00076320B /* AppDelegate.swift */ = {isa = PBXFileReference; lastKnownFileType = sourcecode.swift; path = AppDelegate.swift; sourceTree = "<group>"; };
		3ED674EB2B193BF00076320B /* SceneDelegate.swift */ = {isa = PBXFileReference; lastKnownFileType = sourcecode.swift; path = SceneDelegate.swift; sourceTree = "<group>"; };
		3ED674ED2B193BF00076320B /* PopulationViewController.swift */ = {isa = PBXFileReference; lastKnownFileType = sourcecode.swift; path = PopulationViewController.swift; sourceTree = "<group>"; };
		3ED674F22B193BF90076320B /* Assets.xcassets */ = {isa = PBXFileReference; lastKnownFileType = folder.assetcatalog; path = Assets.xcassets; sourceTree = "<group>"; };
		3ED674F52B193BF90076320B /* Base */ = {isa = PBXFileReference; lastKnownFileType = file.storyboard; name = Base; path = Base.lproj/LaunchScreen.storyboard; sourceTree = "<group>"; };
		3ED674F72B193BF90076320B /* Info.plist */ = {isa = PBXFileReference; lastKnownFileType = text.plist.xml; path = Info.plist; sourceTree = "<group>"; };
/* End PBXFileReference section */

/* Begin PBXFrameworksBuildPhase section */
		3ED674E32B193BF00076320B /* Frameworks */ = {
			isa = PBXFrameworksBuildPhase;
			buildActionMask = 2147483647;
			files = (
				3E55FEED2B19DFDB002988D7 /* GenericNetworkLayer in Frameworks */,
			);
			runOnlyForDeploymentPostprocessing = 0;
		};
/* End PBXFrameworksBuildPhase section */

/* Begin PBXGroup section */
		3ED674DD2B193BF00076320B = {
			isa = PBXGroup;
			children = (
				3ED674E82B193BF00076320B /* Population */,
				3ED674E72B193BF00076320B /* Products */,
			);
			sourceTree = "<group>";
		};
		3ED674E72B193BF00076320B /* Products */ = {
			isa = PBXGroup;
			children = (
				3ED674E62B193BF00076320B /* Population.app */,
			);
			name = Products;
			sourceTree = "<group>";
		};
		3ED674E82B193BF00076320B /* Population */ = {
			isa = PBXGroup;
			children = (
				3ED674E92B193BF00076320B /* AppDelegate.swift */,
				3ED674EB2B193BF00076320B /* SceneDelegate.swift */,
				3ED674ED2B193BF00076320B /* PopulationViewController.swift */,
				3E0A789B2B194AEE0043E2E8 /* PopulationModel.swift */,
				3E0A789E2B194B040043E2E8 /* PopulationViewModel.swift */,
				3ED674F22B193BF90076320B /* Assets.xcassets */,
				3ED674F42B193BF90076320B /* LaunchScreen.storyboard */,
				3ED674F72B193BF90076320B /* Info.plist */,
			);
			path = Population;
			sourceTree = "<group>";
		};
/* End PBXGroup section */

/* Begin PBXNativeTarget section */
		3ED674E52B193BF00076320B /* Population */ = {
			isa = PBXNativeTarget;
			buildConfigurationList = 3ED674FA2B193BF90076320B /* Build configuration list for PBXNativeTarget "Population" */;
			buildPhases = (
				3ED674E22B193BF00076320B /* Sources */,
				3ED674E32B193BF00076320B /* Frameworks */,
				3ED674E42B193BF00076320B /* Resources */,
			);
			buildRules = (
			);
			dependencies = (
			);
			name = Population;
			packageProductDependencies = (
				3E55FEEC2B19DFDB002988D7 /* GenericNetworkLayer */,
			);
			productName = Population;
			productReference = 3ED674E62B193BF00076320B /* Population.app */;
			productType = "com.apple.product-type.application";
		};
/* End PBXNativeTarget section */

/* Begin PBXProject section */
		3ED674DE2B193BF00076320B /* Project object */ = {
			isa = PBXProject;
			attributes = {
				LastSwiftUpdateCheck = 1240;
				LastUpgradeCheck = 1240;
				TargetAttributes = {
					3ED674E52B193BF00076320B = {
						CreatedOnToolsVersion = 12.4;
					};
				};
			};
			buildConfigurationList = 3ED674E12B193BF00076320B /* Build configuration list for PBXProject "Population" */;
			compatibilityVersion = "Xcode 12.0";
			developmentRegion = en;
			hasScannedForEncodings = 0;
			knownRegions = (
				en,
				Base,
			);
			mainGroup = 3ED674DD2B193BF00076320B;
			packageReferences = (
				3E55FEEB2B19DFDB002988D7 /* XCRemoteSwiftPackageReference "GenericNetworkLayer" */,
			);
			productRefGroup = 3ED674E72B193BF00076320B /* Products */;
			projectDirPath = "";
			projectRoot = "";
			targets = (
				3ED674E52B193BF00076320B /* Population */,
			);
		};
/* End PBXProject section */

/* Begin PBXResourcesBuildPhase section */
		3ED674E42B193BF00076320B /* Resources */ = {
			isa = PBXResourcesBuildPhase;
			buildActionMask = 2147483647;
			files = (
				3ED674F62B193BF90076320B /* LaunchScreen.storyboard in Resources */,
				3ED674F32B193BF90076320B /* Assets.xcassets in Resources */,
			);
			runOnlyForDeploymentPostprocessing = 0;
		};
/* End PBXResourcesBuildPhase section */

/* Begin PBXSourcesBuildPhase section */
		3ED674E22B193BF00076320B /* Sources */ = {
			isa = PBXSourcesBuildPhase;
			buildActionMask = 2147483647;
			files = (
				3E0A789C2B194AEE0043E2E8 /* PopulationModel.swift in Sources */,
				3ED674EE2B193BF00076320B /* PopulationViewController.swift in Sources */,
				3E0A789F2B194B040043E2E8 /* PopulationViewModel.swift in Sources */,
				3ED674EA2B193BF00076320B /* AppDelegate.swift in Sources */,
				3ED674EC2B193BF00076320B /* SceneDelegate.swift in Sources */,
			);
			runOnlyForDeploymentPostprocessing = 0;
		};
/* End PBXSourcesBuildPhase section */

/* Begin PBXVariantGroup section */
		3ED674F42B193BF90076320B /* LaunchScreen.storyboard */ = {
			isa = PBXVariantGroup;
			children = (
				3ED674F52B193BF90076320B /* Base */,
			);
			name = LaunchScreen.storyboard;
			sourceTree = "<group>";
		};
/* End PBXVariantGroup section */

/* Begin XCBuildConfiguration section */
		3ED674F82B193BF90076320B /* Debug */ = {
			isa = XCBuildConfiguration;
			buildSettings = {
				ALWAYS_SEARCH_USER_PATHS = NO;
				CLANG_ANALYZER_NONNULL = YES;
				CLANG_ANALYZER_NUMBER_OBJECT_CONVERSION = YES_AGGRESSIVE;
				CLANG_CXX_LANGUAGE_STANDARD = "gnu++14";
				CLANG_CXX_LIBRARY = "libc++";
				CLANG_ENABLE_MODULES = YES;
				CLANG_ENABLE_OBJC_ARC = YES;
				CLANG_ENABLE_OBJC_WEAK = YES;
				CLANG_WARN_BLOCK_CAPTURE_AUTORELEASING = YES;
				CLANG_WARN_BOOL_CONVERSION = YES;
				CLANG_WARN_COMMA = YES;
				CLANG_WARN_CONSTANT_CONVERSION = YES;
				CLANG_WARN_DEPRECATED_OBJC_IMPLEMENTATIONS = YES;
				CLANG_WARN_DIRECT_OBJC_ISA_USAGE = YES_ERROR;
				CLANG_WARN_DOCUMENTATION_COMMENTS = YES;
				CLANG_WARN_EMPTY_BODY = YES;
				CLANG_WARN_ENUM_CONVERSION = YES;
				CLANG_WARN_INFINITE_RECURSION = YES;
				CLANG_WARN_INT_CONVERSION = YES;
				CLANG_WARN_NON_LITERAL_NULL_CONVERSION = YES;
				CLANG_WARN_OBJC_IMPLICIT_RETAIN_SELF = YES;
				CLANG_WARN_OBJC_LITERAL_CONVERSION = YES;
				CLANG_WARN_OBJC_ROOT_CLASS = YES_ERROR;
				CLANG_WARN_QUOTED_INCLUDE_IN_FRAMEWORK_HEADER = YES;
				CLANG_WARN_RANGE_LOOP_ANALYSIS = YES;
				CLANG_WARN_STRICT_PROTOTYPES = YES;
				CLANG_WARN_SUSPICIOUS_MOVE = YES;
				CLANG_WARN_UNGUARDED_AVAILABILITY = YES_AGGRESSIVE;
				CLANG_WARN_UNREACHABLE_CODE = YES;
				CLANG_WARN__DUPLICATE_METHOD_MATCH = YES;
				COPY_PHASE_STRIP = NO;
				DEBUG_INFORMATION_FORMAT = dwarf;
				ENABLE_STRICT_OBJC_MSGSEND = YES;
				ENABLE_TESTABILITY = YES;
				GCC_C_LANGUAGE_STANDARD = gnu11;
				GCC_DYNAMIC_NO_PIC = NO;
				GCC_NO_COMMON_BLOCKS = YES;
				GCC_OPTIMIZATION_LEVEL = 0;
				GCC_PREPROCESSOR_DEFINITIONS = (
					"DEBUG=1",
					"$(inherited)",
				);
				GCC_WARN_64_TO_32_BIT_CONVERSION = YES;
				GCC_WARN_ABOUT_RETURN_TYPE = YES_ERROR;
				GCC_WARN_UNDECLARED_SELECTOR = YES;
				GCC_WARN_UNINITIALIZED_AUTOS = YES_AGGRESSIVE;
				GCC_WARN_UNUSED_FUNCTION = YES;
				GCC_WARN_UNUSED_VARIABLE = YES;
				IPHONEOS_DEPLOYMENT_TARGET = 14.4;
				MTL_ENABLE_DEBUG_INFO = INCLUDE_SOURCE;
				MTL_FAST_MATH = YES;
				ONLY_ACTIVE_ARCH = YES;
				SDKROOT = iphoneos;
				SWIFT_ACTIVE_COMPILATION_CONDITIONS = DEBUG;
				SWIFT_OPTIMIZATION_LEVEL = "-Onone";
			};
			name = Debug;
		};
		3ED674F92B193BF90076320B /* Release */ = {
			isa = XCBuildConfiguration;
			buildSettings = {
				ALWAYS_SEARCH_USER_PATHS = NO;
				CLANG_ANALYZER_NONNULL = YES;
				CLANG_ANALYZER_NUMBER_OBJECT_CONVERSION = YES_AGGRESSIVE;
				CLANG_CXX_LANGUAGE_STANDARD = "gnu++14";
				CLANG_CXX_LIBRARY = "libc++";
				CLANG_ENABLE_MODULES = YES;
				CLANG_ENABLE_OBJC_ARC = YES;
				CLANG_ENABLE_OBJC_WEAK = YES;
				CLANG_WARN_BLOCK_CAPTURE_AUTORELEASING = YES;
				CLANG_WARN_BOOL_CONVERSION = YES;
				CLANG_WARN_COMMA = YES;
				CLANG_WARN_CONSTANT_CONVERSION = YES;
				CLANG_WARN_DEPRECATED_OBJC_IMPLEMENTATIONS = YES;
				CLANG_WARN_DIRECT_OBJC_ISA_USAGE = YES_ERROR;
				CLANG_WARN_DOCUMENTATION_COMMENTS = YES;
				CLANG_WARN_EMPTY_BODY = YES;
				CLANG_WARN_ENUM_CONVERSION = YES;
				CLANG_WARN_INFINITE_RECURSION = YES;
				CLANG_WARN_INT_CONVERSION = YES;
				CLANG_WARN_NON_LITERAL_NULL_CONVERSION = YES;
				CLANG_WARN_OBJC_IMPLICIT_RETAIN_SELF = YES;
				CLANG_WARN_OBJC_LITERAL_CONVERSION = YES;
				CLANG_WARN_OBJC_ROOT_CLASS = YES_ERROR;
				CLANG_WARN_QUOTED_INCLUDE_IN_FRAMEWORK_HEADER = YES;
				CLANG_WARN_RANGE_LOOP_ANALYSIS = YES;
				CLANG_WARN_STRICT_PROTOTYPES = YES;
				CLANG_WARN_SUSPICIOUS_MOVE = YES;
				CLANG_WARN_UNGUARDED_AVAILABILITY = YES_AGGRESSIVE;
				CLANG_WARN_UNREACHABLE_CODE = YES;
				CLANG_WARN__DUPLICATE_METHOD_MATCH = YES;
				COPY_PHASE_STRIP = NO;
				DEBUG_INFORMATION_FORMAT = "dwarf-with-dsym";
				ENABLE_NS_ASSERTIONS = NO;
				ENABLE_STRICT_OBJC_MSGSEND = YES;
				GCC_C_LANGUAGE_STANDARD = gnu11;
				GCC_NO_COMMON_BLOCKS = YES;
				GCC_WARN_64_TO_32_BIT_CONVERSION = YES;
				GCC_WARN_ABOUT_RETURN_TYPE = YES_ERROR;
				GCC_WARN_UNDECLARED_SELECTOR = YES;
				GCC_WARN_UNINITIALIZED_AUTOS = YES_AGGRESSIVE;
				GCC_WARN_UNUSED_FUNCTION = YES;
				GCC_WARN_UNUSED_VARIABLE = YES;
				IPHONEOS_DEPLOYMENT_TARGET = 14.4;
				MTL_ENABLE_DEBUG_INFO = NO;
				MTL_FAST_MATH = YES;
				SDKROOT = iphoneos;
				SWIFT_COMPILATION_MODE = wholemodule;
				SWIFT_OPTIMIZATION_LEVEL = "-O";
				VALIDATE_PRODUCT = YES;
			};
			name = Release;
		};
		3ED674FB2B193BF90076320B /* Debug */ = {
			isa = XCBuildConfiguration;
			buildSettings = {
				ASSETCATALOG_COMPILER_APPICON_NAME = AppIcon;
				ASSETCATALOG_COMPILER_GLOBAL_ACCENT_COLOR_NAME = AccentColor;
				CODE_SIGN_STYLE = Automatic;
				INFOPLIST_FILE = Population/Info.plist;
				LD_RUNPATH_SEARCH_PATHS = (
					"$(inherited)",
					"@executable_path/Frameworks",
				);
				PRODUCT_BUNDLE_IDENTIFIER = com.tbcAcademy.Population;
				PRODUCT_NAME = "$(TARGET_NAME)";
				SWIFT_VERSION = 5.0;
				TARGETED_DEVICE_FAMILY = "1,2";
			};
			name = Debug;
		};
		3ED674FC2B193BF90076320B /* Release */ = {
			isa = XCBuildConfiguration;
			buildSettings = {
				ASSETCATALOG_COMPILER_APPICON_NAME = AppIcon;
				ASSETCATALOG_COMPILER_GLOBAL_ACCENT_COLOR_NAME = AccentColor;
				CODE_SIGN_STYLE = Automatic;
				INFOPLIST_FILE = Population/Info.plist;
				LD_RUNPATH_SEARCH_PATHS = (
					"$(inherited)",
					"@executable_path/Frameworks",
				);
				PRODUCT_BUNDLE_IDENTIFIER = com.tbcAcademy.Population;
				PRODUCT_NAME = "$(TARGET_NAME)";
				SWIFT_VERSION = 5.0;
				TARGETED_DEVICE_FAMILY = "1,2";
			};
			name = Release;
		};
/* End XCBuildConfiguration section */

/* Begin XCConfigurationList section */
		3ED674E12B193BF00076320B /* Build configuration list for PBXProject "Population" */ = {
			isa = XCConfigurationList;
			buildConfigurations = (
				3ED674F82B193BF90076320B /* Debug */,
				3ED674F92B193BF90076320B /* Release */,
			);
			defaultConfigurationIsVisible = 0;
			defaultConfigurationName = Release;
		};
		3ED674FA2B193BF90076320B /* Build configuration list for PBXNativeTarget "Population" */ = {
			isa = XCConfigurationList;
			buildConfigurations = (
				3ED674FB2B193BF90076320B /* Debug */,
				3ED674FC2B193BF90076320B /* Release */,
			);
			defaultConfigurationIsVisible = 0;
			defaultConfigurationName = Release;
		};
/* End XCConfigurationList section */

/* Begin XCRemoteSwiftPackageReference section */
		3E55FEEB2B19DFDB002988D7 /* XCRemoteSwiftPackageReference "GenericNetworkLayer" */ = {
			isa = XCRemoteSwiftPackageReference;
			repositoryURL = "https://github.com/luk407/GenericNetworkLayer.git";
			requirement = {
				branch = main;
				kind = branch;
			};
		};
/* End XCRemoteSwiftPackageReference section */

/* Begin XCSwiftPackageProductDependency section */
		3E55FEEC2B19DFDB002988D7 /* GenericNetworkLayer */ = {
			isa = XCSwiftPackageProductDependency;
			package = 3E55FEEB2B19DFDB002988D7 /* XCRemoteSwiftPackageReference "GenericNetworkLayer" */;
			productName = GenericNetworkLayer;
		};
/* End XCSwiftPackageProductDependency section */
	};
	rootObject = 3ED674DE2B193BF00076320B /* Project object */;
}
